
Microsoft Visual Studio Solution File, Format Version 12.00
# Visual Studio 15
VisualStudioVersion = 15.0.27703.2042
MinimumVisualStudioVersion = 10.0.40219.1
Project("{9A19103F-16F7-4668-BE54-9A1E7A4F7556}") = "Portal", "Portal\Portal.csproj", "{9230695F-EEEE-4D35-A571-EC60F0366F49}"
EndProject
Project("{9A19103F-16F7-4668-BE54-9A1E7A4F7556}") = "BLL", "BLL\BLL.csproj", "{9063EB81-58A4-4AF1-9A14-6FF986C14D7A}"
EndProject
Project("{9A19103F-16F7-4668-BE54-9A1E7A4F7556}") = "DAL", "DAL\DAL.csproj", "{CCAF152A-8E04-443E-BC9F-0D16A5B84F7B}"
EndProject
Project("{9A19103F-16F7-4668-BE54-9A1E7A4F7556}") = "Model", "Model\Model.csproj", "{46FFBE86-275B-44B4-A338-F454D06D3DAE}"
EndProject
Global
	GlobalSection(SolutionConfigurationPlatforms) = preSolution
		Debug|Any CPU = Debug|Any CPU
		Release|Any CPU = Release|Any CPU
	EndGlobalSection
	GlobalSection(ProjectConfigurationPlatforms) = postSolution
		{9230695F-EEEE-4D35-A571-EC60F0366F49}.Debug|Any CPU.ActiveCfg = Debug|Any CPU
		{9230695F-EEEE-4D35-A571-EC60F0366F49}.Debug|Any CPU.Build.0 = Debug|Any CPU
		{9230695F-EEEE-4D35-A571-EC60F0366F49}.Release|Any CPU.ActiveCfg = Release|Any CPU
		{9230695F-EEEE-4D35-A571-EC60F0366F49}.Release|Any CPU.Build.0 = Release|Any CPU
		{9063EB81-58A4-4AF1-9A14-6FF986C14D7A}.Debug|Any CPU.ActiveCfg = Debug|Any CPU
		{9063EB81-58A4-4AF1-9A14-6FF986C14D7A}.Debug|Any CPU.Build.0 = Debug|Any CPU
		{9063EB81-58A4-4AF1-9A14-6FF986C14D7A}.Release|Any CPU.ActiveCfg = Release|Any CPU
		{9063EB81-58A4-4AF1-9A14-6FF986C14D7A}.Release|Any CPU.Build.0 = Release|Any CPU
		{CCAF152A-8E04-443E-BC9F-0D16A5B84F7B}.Debug|Any CPU.ActiveCfg = Debug|Any CPU
		{CCAF152A-8E04-443E-BC9F-0D16A5B84F7B}.Debug|Any CPU.Build.0 = Debug|Any CPU
		{CCAF152A-8E04-443E-BC9F-0D16A5B84F7B}.Release|Any CPU.ActiveCfg = Release|Any CPU
		{CCAF152A-8E04-443E-BC9F-0D16A5B84F7B}.Release|Any CPU.Build.0 = Release|Any CPU
		{46FFBE86-275B-44B4-A338-F454D06D3DAE}.Debug|Any CPU.ActiveCfg = Debug|Any CPU
		{46FFBE86-275B-44B4-A338-F454D06D3DAE}.Debug|Any CPU.Build.0 = Debug|Any CPU
		{46FFBE86-275B-44B4-A338-F454D06D3DAE}.Release|Any CPU.ActiveCfg = Release|Any CPU
		{46FFBE86-275B-44B4-A338-F454D06D3DAE}.Release|Any CPU.Build.0 = Release|Any CPU
	EndGlobalSection
	GlobalSection(SolutionProperties) = preSolution
		HideSolutionNode = FALSE
	EndGlobalSection
	GlobalSection(ExtensibilityGlobals) = postSolution
		SolutionGuid = {F1F50FE2-CF12-4ECF-8457-ED2778B04339}
	EndGlobalSection
EndGlobal
